
Microsoft Visual Studio Solution File, Format Version 12.00
# Visual Studio 15
VisualStudioVersion = 15.0.26124.0
MinimumVisualStudioVersion = 15.0.26124.0
Project("{2150E333-8FDC-42A3-9474-1A3956D46DE8}") = "src", "src", "{76F9C5A2-CE00-4F97-8F40-973757F60542}"
EndProject
Project("{FAE04EC0-301F-11D3-BF4B-00C04F79EFBC}") = "Itinero.MapMatching", "src\Itinero.MapMatching\Itinero.MapMatching.csproj", "{C02D728D-DBBE-4F05-BF3B-D938A6A97620}"
EndProject
Project("{2150E333-8FDC-42A3-9474-1A3956D46DE8}") = "test", "test", "{D2562D61-742E-4AD8-B8D9-9F39FE3A12B5}"
EndProject
Project("{FAE04EC0-301F-11D3-BF4B-00C04F79EFBC}") = "Itinero.MapMatching.Test", "test\Itinero.MapMatching.Test\Itinero.MapMatching.Test.csproj", "{6A1BBA4F-2961-4FC6-92B4-A111F85DA3B7}"
EndProject
Project("{FAE04EC0-301F-11D3-BF4B-00C04F79EFBC}") = "Itinero.MapMatching.Test.Functional", "test\Itinero.MapMatching.Test.Functional\Itinero.MapMatching.Test.Functional.csproj", "{992FCCC6-19AA-450E-BD43-6E3E24E317DE}"
EndProject
Project("{2150E333-8FDC-42A3-9474-1A3956D46DE8}") = "root", "root", "{38B37641-2132-4AD3-903A-48FF0570367C}"
ProjectSection(SolutionItems) = preProject
	LICENSE = LICENSE
	README.md = README.md
	Itinero.MapMatching.sln = Itinero.MapMatching.sln
	.gitignore = .gitignore
	SharedAssemblyVersion.cs = SharedAssemblyVersion.cs
EndProjectSection
EndProject
Project("{2150E333-8FDC-42A3-9474-1A3956D46DE8}") = "samples", "samples", "{606ED858-B53B-4547-9E30-752145F53E00}"
EndProject
Project("{FAE04EC0-301F-11D3-BF4B-00C04F79EFBC}") = "Sample.Bicycle", "samples\Sample.Bicycle\Sample.Bicycle.csproj", "{7722620A-F59A-4B3F-9A3D-1B766497E487}"
EndProject
Global
	GlobalSection(SolutionConfigurationPlatforms) = preSolution
		Debug|Any CPU = Debug|Any CPU
		Debug|x64 = Debug|x64
		Debug|x86 = Debug|x86
		Release|Any CPU = Release|Any CPU
		Release|x64 = Release|x64
		Release|x86 = Release|x86
	EndGlobalSection
	GlobalSection(SolutionProperties) = preSolution
		HideSolutionNode = FALSE
	EndGlobalSection
	GlobalSection(ProjectConfigurationPlatforms) = postSolution
		{C02D728D-DBBE-4F05-BF3B-D938A6A97620}.Debug|Any CPU.ActiveCfg = Debug|Any CPU
		{C02D728D-DBBE-4F05-BF3B-D938A6A97620}.Debug|Any CPU.Build.0 = Debug|Any CPU
		{C02D728D-DBBE-4F05-BF3B-D938A6A97620}.Debug|x64.ActiveCfg = Debug|Any CPU
		{C02D728D-DBBE-4F05-BF3B-D938A6A97620}.Debug|x64.Build.0 = Debug|Any CPU
		{C02D728D-DBBE-4F05-BF3B-D938A6A97620}.Debug|x86.ActiveCfg = Debug|Any CPU
		{C02D728D-DBBE-4F05-BF3B-D938A6A97620}.Debug|x86.Build.0 = Debug|Any CPU
		{C02D728D-DBBE-4F05-BF3B-D938A6A97620}.Release|Any CPU.ActiveCfg = Release|Any CPU
		{C02D728D-DBBE-4F05-BF3B-D938A6A97620}.Release|Any CPU.Build.0 = Release|Any CPU
		{C02D728D-DBBE-4F05-BF3B-D938A6A97620}.Release|x64.ActiveCfg = Release|Any CPU
		{C02D728D-DBBE-4F05-BF3B-D938A6A97620}.Release|x64.Build.0 = Release|Any CPU
		{C02D728D-DBBE-4F05-BF3B-D938A6A97620}.Release|x86.ActiveCfg = Release|Any CPU
		{C02D728D-DBBE-4F05-BF3B-D938A6A97620}.Release|x86.Build.0 = Release|Any CPU
		{6A1BBA4F-2961-4FC6-92B4-A111F85DA3B7}.Debug|Any CPU.ActiveCfg = Debug|Any CPU
		{6A1BBA4F-2961-4FC6-92B4-A111F85DA3B7}.Debug|Any CPU.Build.0 = Debug|Any CPU
		{6A1BBA4F-2961-4FC6-92B4-A111F85DA3B7}.Debug|x64.ActiveCfg = Debug|Any CPU
		{6A1BBA4F-2961-4FC6-92B4-A111F85DA3B7}.Debug|x64.Build.0 = Debug|Any CPU
		{6A1BBA4F-2961-4FC6-92B4-A111F85DA3B7}.Debug|x86.ActiveCfg = Debug|Any CPU
		{6A1BBA4F-2961-4FC6-92B4-A111F85DA3B7}.Debug|x86.Build.0 = Debug|Any CPU
		{6A1BBA4F-2961-4FC6-92B4-A111F85DA3B7}.Release|Any CPU.ActiveCfg = Release|Any CPU
		{6A1BBA4F-2961-4FC6-92B4-A111F85DA3B7}.Release|Any CPU.Build.0 = Release|Any CPU
		{6A1BBA4F-2961-4FC6-92B4-A111F85DA3B7}.Release|x64.ActiveCfg = Release|Any CPU
		{6A1BBA4F-2961-4FC6-92B4-A111F85DA3B7}.Release|x64.Build.0 = Release|Any CPU
		{6A1BBA4F-2961-4FC6-92B4-A111F85DA3B7}.Release|x86.ActiveCfg = Release|Any CPU
		{6A1BBA4F-2961-4FC6-92B4-A111F85DA3B7}.Release|x86.Build.0 = Release|Any CPU
		{992FCCC6-19AA-450E-BD43-6E3E24E317DE}.Debug|Any CPU.ActiveCfg = Debug|Any CPU
		{992FCCC6-19AA-450E-BD43-6E3E24E317DE}.Debug|Any CPU.Build.0 = Debug|Any CPU
		{992FCCC6-19AA-450E-BD43-6E3E24E317DE}.Debug|x64.ActiveCfg = Debug|Any CPU
		{992FCCC6-19AA-450E-BD43-6E3E24E317DE}.Debug|x64.Build.0 = Debug|Any CPU
		{992FCCC6-19AA-450E-BD43-6E3E24E317DE}.Debug|x86.ActiveCfg = Debug|Any CPU
		{992FCCC6-19AA-450E-BD43-6E3E24E317DE}.Debug|x86.Build.0 = Debug|Any CPU
		{992FCCC6-19AA-450E-BD43-6E3E24E317DE}.Release|Any CPU.ActiveCfg = Release|Any CPU
		{992FCCC6-19AA-450E-BD43-6E3E24E317DE}.Release|Any CPU.Build.0 = Release|Any CPU
		{992FCCC6-19AA-450E-BD43-6E3E24E317DE}.Release|x64.ActiveCfg = Release|Any CPU
		{992FCCC6-19AA-450E-BD43-6E3E24E317DE}.Release|x64.Build.0 = Release|Any CPU
		{992FCCC6-19AA-450E-BD43-6E3E24E317DE}.Release|x86.ActiveCfg = Release|Any CPU
		{992FCCC6-19AA-450E-BD43-6E3E24E317DE}.Release|x86.Build.0 = Release|Any CPU
		{7722620A-F59A-4B3F-9A3D-1B766497E487}.Debug|Any CPU.ActiveCfg = Debug|Any CPU
		{7722620A-F59A-4B3F-9A3D-1B766497E487}.Debug|Any CPU.Build.0 = Debug|Any CPU
		{7722620A-F59A-4B3F-9A3D-1B766497E487}.Debug|x64.ActiveCfg = Debug|Any CPU
		{7722620A-F59A-4B3F-9A3D-1B766497E487}.Debug|x64.Build.0 = Debug|Any CPU
		{7722620A-F59A-4B3F-9A3D-1B766497E487}.Debug|x86.ActiveCfg = Debug|Any CPU
		{7722620A-F59A-4B3F-9A3D-1B766497E487}.Debug|x86.Build.0 = Debug|Any CPU
		{7722620A-F59A-4B3F-9A3D-1B766497E487}.Release|Any CPU.ActiveCfg = Release|Any CPU
		{7722620A-F59A-4B3F-9A3D-1B766497E487}.Release|Any CPU.Build.0 = Release|Any CPU
		{7722620A-F59A-4B3F-9A3D-1B766497E487}.Release|x64.ActiveCfg = Release|Any CPU
		{7722620A-F59A-4B3F-9A3D-1B766497E487}.Release|x64.Build.0 = Release|Any CPU
		{7722620A-F59A-4B3F-9A3D-1B766497E487}.Release|x86.ActiveCfg = Release|Any CPU
		{7722620A-F59A-4B3F-9A3D-1B766497E487}.Release|x86.Build.0 = Release|Any CPU
	EndGlobalSection
	GlobalSection(NestedProjects) = preSolution
		{C02D728D-DBBE-4F05-BF3B-D938A6A97620} = {76F9C5A2-CE00-4F97-8F40-973757F60542}
		{6A1BBA4F-2961-4FC6-92B4-A111F85DA3B7} = {D2562D61-742E-4AD8-B8D9-9F39FE3A12B5}
		{992FCCC6-19AA-450E-BD43-6E3E24E317DE} = {D2562D61-742E-4AD8-B8D9-9F39FE3A12B5}
		{7722620A-F59A-4B3F-9A3D-1B766497E487} = {606ED858-B53B-4547-9E30-752145F53E00}
	EndGlobalSection
EndGlobal
